# generated by rye
# use `rye lock` or `rye sync` to update this lockfile
#
# last locked with the following flags:
#   pre: false
#   features: []
#   all-features: false
#   with-sources: false

-e file:.
click==8.1.7
    # via loginsight
linkify-it-py==2.0.3
    # via markdown-it-py
markdown-it-py==3.0.0
    # via mdit-py-plugins
    # via rich
    # via textual
mdit-py-plugins==0.4.0
    # via markdown-it-py
mdurl==0.1.2
    # via markdown-it-py
pygments==2.17.2
    # via rich
rich==13.7.1
    # via textual
textual==0.52.1
    # via loginsight
typing-extensions==4.10.0
    # via textual
uc-micro-py==1.0.3
    # via linkify-it-py
