# generated by rye
# use `rye lock` or `rye sync` to update this lockfile
#
# last locked with the following flags:
#   pre: false
#   features: []
#   all-features: false
#   with-sources: false

-e file:.
aiohttp==3.9.3
    # via textual-dev
aiosignal==1.3.1
    # via aiohttp
attrs==23.2.0
    # via aiohttp
click==8.1.7
    # via loginsight
    # via textual-dev
coverage==7.4.3
    # via coverage
    # via pytest-cov
frozenlist==1.4.1
    # via aiohttp
    # via aiosignal
idna==3.6
    # via yarl
iniconfig==2.0.0
    # via pytest
linkify-it-py==2.0.3
    # via markdown-it-py
markdown-it-py==3.0.0
    # via markdown-it-py
    # via mdit-py-plugins
    # via rich
    # via textual
mdit-py-plugins==0.4.0
    # via markdown-it-py
mdurl==0.1.2
    # via markdown-it-py
msgpack==1.0.8
    # via textual-dev
multidict==6.0.5
    # via aiohttp
    # via yarl
mypy==1.8.0
mypy-extensions==1.0.0
    # via mypy
packaging==23.2
    # via pytest
    # via pytest-sugar
pluggy==1.4.0
    # via pytest
pygments==2.17.2
    # via rich
pytest==8.0.2
    # via pytest-cov
    # via pytest-sugar
pytest-cov==4.1.0
pytest-sugar==1.0.0
rich==13.7.1
    # via textual
termcolor==2.4.0
    # via pytest-sugar
textual==0.52.1
    # via loginsight
    # via textual-dev
textual-dev==1.5.1
typing-extensions==4.10.0
    # via mypy
    # via textual
    # via textual-dev
uc-micro-py==1.0.3
    # via linkify-it-py
yarl==1.9.4
    # via aiohttp
